// !$*UTF8*$!
{
	archiveVersion = 1;
	classes = {
	};
	objectVersion = 46;
	objects = {

/* Begin PBXBuildFile section */
		C1B01A611EFCDE2E0047BF4B /* AppDelegate.swift in Sources */ = {isa = PBXBuildFile; fileRef = C1B01A601EFCDE2E0047BF4B /* AppDelegate.swift */; };
		C1B01A631EFCDE2E0047BF4B /* ViewController.swift in Sources */ = {isa = PBXBuildFile; fileRef = C1B01A621EFCDE2E0047BF4B /* ViewController.swift */; };
		C1B01A661EFCDE2E0047BF4B /* Main.storyboard in Resources */ = {isa = PBXBuildFile; fileRef = C1B01A641EFCDE2E0047BF4B /* Main.storyboard */; };
		C1B01A691EFCDE2F0047BF4B /* ViperTestTaskBigDig.xcdatamodeld in Sources */ = {isa = PBXBuildFile; fileRef = C1B01A671EFCDE2F0047BF4B /* ViperTestTaskBigDig.xcdatamodeld */; };
		C1B01A6B1EFCDE2F0047BF4B /* Assets.xcassets in Resources */ = {isa = PBXBuildFile; fileRef = C1B01A6A1EFCDE2F0047BF4B /* Assets.xcassets */; };
		C1B01A6E1EFCDE2F0047BF4B /* LaunchScreen.storyboard in Resources */ = {isa = PBXBuildFile; fileRef = C1B01A6C1EFCDE2F0047BF4B /* LaunchScreen.storyboard */; };
/* End PBXBuildFile section */

/* Begin PBXFileReference section */
		C1B01A5D1EFCDE2E0047BF4B /* ViperTestTaskBigDig.app */ = {isa = PBXFileReference; explicitFileType = wrapper.application; includeInIndex = 0; path = ViperTestTaskBigDig.app; sourceTree = BUILT_PRODUCTS_DIR; };
		C1B01A601EFCDE2E0047BF4B /* AppDelegate.swift */ = {isa = PBXFileReference; lastKnownFileType = sourcecode.swift; path = AppDelegate.swift; sourceTree = "<group>"; };
		C1B01A621EFCDE2E0047BF4B /* ViewController.swift */ = {isa = PBXFileReference; lastKnownFileType = sourcecode.swift; path = ViewController.swift; sourceTree = "<group>"; };
		C1B01A651EFCDE2E0047BF4B /* Base */ = {isa = PBXFileReference; lastKnownFileType = file.storyboard; name = Base; path = Base.lproj/Main.storyboard; sourceTree = "<group>"; };
		C1B01A681EFCDE2F0047BF4B /* ViperTestTaskBigDig.xcdatamodel */ = {isa = PBXFileReference; lastKnownFileType = wrapper.xcdatamodel; path = ViperTestTaskBigDig.xcdatamodel; sourceTree = "<group>"; };
		C1B01A6A1EFCDE2F0047BF4B /* Assets.xcassets */ = {isa = PBXFileReference; lastKnownFileType = folder.assetcatalog; path = Assets.xcassets; sourceTree = "<group>"; };
		C1B01A6D1EFCDE2F0047BF4B /* Base */ = {isa = PBXFileReference; lastKnownFileType = file.storyboard; name = Base; path = Base.lproj/LaunchScreen.storyboard; sourceTree = "<group>"; };
		C1B01A6F1EFCDE2F0047BF4B /* Info.plist */ = {isa = PBXFileReference; lastKnownFileType = text.plist.xml; path = Info.plist; sourceTree = "<group>"; };
/* End PBXFileReference section */

/* Begin PBXFrameworksBuildPhase section */
		C1B01A5A1EFCDE2E0047BF4B /* Frameworks */ = {
			isa = PBXFrameworksBuildPhase;
			buildActionMask = 2147483647;
			files = (
			);
			runOnlyForDeploymentPostprocessing = 0;
		};
/* End PBXFrameworksBuildPhase section */

/* Begin PBXGroup section */
		C1B01A541EFCDE2E0047BF4B = {
			isa = PBXGroup;
			children = (
				C1B01A5F1EFCDE2E0047BF4B /* ViperTestTaskBigDig */,
				C1B01A5E1EFCDE2E0047BF4B /* Products */,
			);
			sourceTree = "<group>";
		};
		C1B01A5E1EFCDE2E0047BF4B /* Products */ = {
			isa = PBXGroup;
			children = (
				C1B01A5D1EFCDE2E0047BF4B /* ViperTestTaskBigDig.app */,
			);
			name = Products;
			sourceTree = "<group>";
		};
		C1B01A5F1EFCDE2E0047BF4B /* ViperTestTaskBigDig */ = {
			isa = PBXGroup;
			children = (
				C1B01A601EFCDE2E0047BF4B /* AppDelegate.swift */,
				C1B01A621EFCDE2E0047BF4B /* ViewController.swift */,
				C1B01A641EFCDE2E0047BF4B /* Main.storyboard */,
				C1B01A6A1EFCDE2F0047BF4B /* Assets.xcassets */,
				C1B01A6C1EFCDE2F0047BF4B /* LaunchScreen.storyboard */,
				C1B01A6F1EFCDE2F0047BF4B /* Info.plist */,
				C1B01A671EFCDE2F0047BF4B /* ViperTestTaskBigDig.xcdatamodeld */,
			);
			path = ViperTestTaskBigDig;
			sourceTree = "<group>";
		};
/* End PBXGroup section */

/* Begin PBXNativeTarget section */
		C1B01A5C1EFCDE2E0047BF4B /* ViperTestTaskBigDig */ = {
			isa = PBXNativeTarget;
			buildConfigurationList = C1B01A721EFCDE2F0047BF4B /* Build configuration list for PBXNativeTarget "ViperTestTaskBigDig" */;
			buildPhases = (
				C1B01A591EFCDE2E0047BF4B /* Sources */,
				C1B01A5A1EFCDE2E0047BF4B /* Frameworks */,
				C1B01A5B1EFCDE2E0047BF4B /* Resources */,
			);
			buildRules = (
			);
			dependencies = (
			);
			name = ViperTestTaskBigDig;
			productName = ViperTestTaskBigDig;
			productReference = C1B01A5D1EFCDE2E0047BF4B /* ViperTestTaskBigDig.app */;
			productType = "com.apple.product-type.application";
		};
/* End PBXNativeTarget section */

/* Begin PBXProject section */
		C1B01A551EFCDE2E0047BF4B /* Project object */ = {
			isa = PBXProject;
			attributes = {
				LastSwiftUpdateCheck = 0830;
				LastUpgradeCheck = 0830;
				ORGANIZATIONNAME = "Big Dig";
				TargetAttributes = {
					C1B01A5C1EFCDE2E0047BF4B = {
						CreatedOnToolsVersion = 8.3.2;
						DevelopmentTeam = Z87YVCG8CV;
						ProvisioningStyle = Automatic;
					};
				};
			};
			buildConfigurationList = C1B01A581EFCDE2E0047BF4B /* Build configuration list for PBXProject "ViperTestTaskBigDig" */;
			compatibilityVersion = "Xcode 3.2";
			developmentRegion = English;
			hasScannedForEncodings = 0;
			knownRegions = (
				en,
				Base,
			);
			mainGroup = C1B01A541EFCDE2E0047BF4B;
			productRefGroup = C1B01A5E1EFCDE2E0047BF4B /* Products */;
			projectDirPath = "";
			projectRoot = "";
			targets = (
				C1B01A5C1EFCDE2E0047BF4B /* ViperTestTaskBigDig */,
			);
		};
/* End PBXProject section */

/* Begin PBXResourcesBuildPhase section */
		C1B01A5B1EFCDE2E0047BF4B /* Resources */ = {
			isa = PBXResourcesBuildPhase;
			buildActionMask = 2147483647;
			files = (
				C1B01A6E1EFCDE2F0047BF4B /* LaunchScreen.storyboard in Resources */,
				C1B01A6B1EFCDE2F0047BF4B /* Assets.xcassets in Resources */,
				C1B01A661EFCDE2E0047BF4B /* Main.storyboard in Resources */,
			);
			runOnlyForDeploymentPostprocessing = 0;
		};
/* End PBXResourcesBuildPhase section */

/* Begin PBXSourcesBuildPhase section */
		C1B01A591EFCDE2E0047BF4B /* Sources */ = {
			isa = PBXSourcesBuildPhase;
			buildActionMask = 2147483647;
			files = (
				C1B01A691EFCDE2F0047BF4B /* ViperTestTaskBigDig.xcdatamodeld in Sources */,
				C1B01A631EFCDE2E0047BF4B /* ViewController.swift in Sources */,
				C1B01A611EFCDE2E0047BF4B /* AppDelegate.swift in Sources */,
			);
			runOnlyForDeploymentPostprocessing = 0;
		};
/* End PBXSourcesBuildPhase section */

/* Begin PBXVariantGroup section */
		C1B01A641EFCDE2E0047BF4B /* Main.storyboard */ = {
			isa = PBXVariantGroup;
			children = (
				C1B01A651EFCDE2E0047BF4B /* Base */,
			);
			name = Main.storyboard;
			sourceTree = "<group>";
		};
		C1B01A6C1EFCDE2F0047BF4B /* LaunchScreen.storyboard */ = {
			isa = PBXVariantGroup;
			children = (
				C1B01A6D1EFCDE2F0047BF4B /* Base */,
			);
			name = LaunchScreen.storyboard;
			sourceTree = "<group>";
		};
/* End PBXVariantGroup section */

/* Begin XCBuildConfiguration section */
		C1B01A701EFCDE2F0047BF4B /* Debug */ = {
			isa = XCBuildConfiguration;
			buildSettings = {
				ALWAYS_SEARCH_USER_PATHS = NO;
				CLANG_ANALYZER_NONNULL = YES;
				CLANG_ANALYZER_NUMBER_OBJECT_CONVERSION = YES_AGGRESSIVE;
				CLANG_CXX_LANGUAGE_STANDARD = "gnu++0x";
				CLANG_CXX_LIBRARY = "libc++";
				CLANG_ENABLE_MODULES = YES;
				CLANG_ENABLE_OBJC_ARC = YES;
				CLANG_WARN_BOOL_CONVERSION = YES;
				CLANG_WARN_CONSTANT_CONVERSION = YES;
				CLANG_WARN_DIRECT_OBJC_ISA_USAGE = YES_ERROR;
				CLANG_WARN_DOCUMENTATION_COMMENTS = YES;
				CLANG_WARN_EMPTY_BODY = YES;
				CLANG_WARN_ENUM_CONVERSION = YES;
				CLANG_WARN_INFINITE_RECURSION = YES;
				CLANG_WARN_INT_CONVERSION = YES;
				CLANG_WARN_OBJC_ROOT_CLASS = YES_ERROR;
				CLANG_WARN_SUSPICIOUS_MOVE = YES;
				CLANG_WARN_UNREACHABLE_CODE = YES;
				CLANG_WARN__DUPLICATE_METHOD_MATCH = YES;
				"CODE_SIGN_IDENTITY[sdk=iphoneos*]" = "iPhone Developer";
				COPY_PHASE_STRIP = NO;
				DEBUG_INFORMATION_FORMAT = dwarf;
				ENABLE_STRICT_OBJC_MSGSEND = YES;
				ENABLE_TESTABILITY = YES;
				GCC_C_LANGUAGE_STANDARD = gnu99;
				GCC_DYNAMIC_NO_PIC = NO;
				GCC_NO_COMMON_BLOCKS = YES;
				GCC_OPTIMIZATION_LEVEL = 0;
				GCC_PREPROCESSOR_DEFINITIONS = (
					"DEBUG=1",
					"$(inherited)",
				);
				GCC_WARN_64_TO_32_BIT_CONVERSION = YES;
				GCC_WARN_ABOUT_RETURN_TYPE = YES_ERROR;
				GCC_WARN_UNDECLARED_SELECTOR = YES;
				GCC_WARN_UNINITIALIZED_AUTOS = YES_AGGRESSIVE;
				GCC_WARN_UNUSED_FUNCTION = YES;
				GCC_WARN_UNUSED_VARIABLE = YES;
				IPHONEOS_DEPLOYMENT_TARGET = 10.3;
				MTL_ENABLE_DEBUG_INFO = YES;
				ONLY_ACTIVE_ARCH = YES;
				SDKROOT = iphoneos;
				SWIFT_ACTIVE_COMPILATION_CONDITIONS = DEBUG;
				SWIFT_OPTIMIZATION_LEVEL = "-Onone";
			};
			name = Debug;
		};
		C1B01A711EFCDE2F0047BF4B /* Release */ = {
			isa = XCBuildConfiguration;
			buildSettings = {
				ALWAYS_SEARCH_USER_PATHS = NO;
				CLANG_ANALYZER_NONNULL = YES;
				CLANG_ANALYZER_NUMBER_OBJECT_CONVERSION = YES_AGGRESSIVE;
				CLANG_CXX_LANGUAGE_STANDARD = "gnu++0x";
				CLANG_CXX_LIBRARY = "libc++";
				CLANG_ENABLE_MODULES = YES;
				CLANG_ENABLE_OBJC_ARC = YES;
				CLANG_WARN_BOOL_CONVERSION = YES;
				CLANG_WARN_CONSTANT_CONVERSION = YES;
				CLANG_WARN_DIRECT_OBJC_ISA_USAGE = YES_ERROR;
				CLANG_WARN_DOCUMENTATION_COMMENTS = YES;
				CLANG_WARN_EMPTY_BODY = YES;
				CLANG_WARN_ENUM_CONVERSION = YES;
				CLANG_WARN_INFINITE_RECURSION = YES;
				CLANG_WARN_INT_CONVERSION = YES;
				CLANG_WARN_OBJC_ROOT_CLASS = YES_ERROR;
				CLANG_WARN_SUSPICIOUS_MOVE = YES;
				CLANG_WARN_UNREACHABLE_CODE = YES;
				CLANG_WARN__DUPLICATE_METHOD_MATCH = YES;
				"CODE_SIGN_IDENTITY[sdk=iphoneos*]" = "iPhone Developer";
				COPY_PHASE_STRIP = NO;
				DEBUG_INFORMATION_FORMAT = "dwarf-with-dsym";
				ENABLE_NS_ASSERTIONS = NO;
				ENABLE_STRICT_OBJC_MSGSEND = YES;
				GCC_C_LANGUAGE_STANDARD = gnu99;
				GCC_NO_COMMON_BLOCKS = YES;
				GCC_WARN_64_TO_32_BIT_CONVERSION = YES;
				GCC_WARN_ABOUT_RETURN_TYPE = YES_ERROR;
				GCC_WARN_UNDECLARED_SELECTOR = YES;
				GCC_WARN_UNINITIALIZED_AUTOS = YES_AGGRESSIVE;
				GCC_WARN_UNUSED_FUNCTION = YES;
				GCC_WARN_UNUSED_VARIABLE = YES;
				IPHONEOS_DEPLOYMENT_TARGET = 10.3;
				MTL_ENABLE_DEBUG_INFO = NO;
				SDKROOT = iphoneos;
				SWIFT_OPTIMIZATION_LEVEL = "-Owholemodule";
				VALIDATE_PRODUCT = YES;
			};
			name = Release;
		};
		C1B01A731EFCDE2F0047BF4B /* Debug */ = {
			isa = XCBuildConfiguration;
			buildSettings = {
				ASSETCATALOG_COMPILER_APPICON_NAME = AppIcon;
				DEVELOPMENT_TEAM = Z87YVCG8CV;
				INFOPLIST_FILE = ViperTestTaskBigDig/Info.plist;
				LD_RUNPATH_SEARCH_PATHS = "$(inherited) @executable_path/Frameworks";
				PRODUCT_BUNDLE_IDENTIFIER = bigdig.ViperTestTaskBigDig;
				PRODUCT_NAME = "$(TARGET_NAME)";
				SWIFT_VERSION = 3.0;
			};
			name = Debug;
		};
		C1B01A741EFCDE2F0047BF4B /* Release */ = {
			isa = XCBuildConfiguration;
			buildSettings = {
				ASSETCATALOG_COMPILER_APPICON_NAME = AppIcon;
				DEVELOPMENT_TEAM = Z87YVCG8CV;
				INFOPLIST_FILE = ViperTestTaskBigDig/Info.plist;
				LD_RUNPATH_SEARCH_PATHS = "$(inherited) @executable_path/Frameworks";
				PRODUCT_BUNDLE_IDENTIFIER = bigdig.ViperTestTaskBigDig;
				PRODUCT_NAME = "$(TARGET_NAME)";
				SWIFT_VERSION = 3.0;
			};
			name = Release;
		};
/* End XCBuildConfiguration section */

/* Begin XCConfigurationList section */
		C1B01A581EFCDE2E0047BF4B /* Build configuration list for PBXProject "ViperTestTaskBigDig" */ = {
			isa = XCConfigurationList;
			buildConfigurations = (
				C1B01A701EFCDE2F0047BF4B /* Debug */,
				C1B01A711EFCDE2F0047BF4B /* Release */,
			);
			defaultConfigurationIsVisible = 0;
			defaultConfigurationName = Release;
		};
		C1B01A721EFCDE2F0047BF4B /* Build configuration list for PBXNativeTarget "ViperTestTaskBigDig" */ = {
			isa = XCConfigurationList;
			buildConfigurations = (
				C1B01A731EFCDE2F0047BF4B /* Debug */,
				C1B01A741EFCDE2F0047BF4B /* Release */,
			);
			defaultConfigurationIsVisible = 0;
		};
/* End XCConfigurationList section */

/* Begin XCVersionGroup section */
		C1B01A671EFCDE2F0047BF4B /* ViperTestTaskBigDig.xcdatamodeld */ = {
			isa = XCVersionGroup;
			children = (
				C1B01A681EFCDE2F0047BF4B /* ViperTestTaskBigDig.xcdatamodel */,
			);
			currentVersion = C1B01A681EFCDE2F0047BF4B /* ViperTestTaskBigDig.xcdatamodel */;
			path = ViperTestTaskBigDig.xcdatamodeld;
			sourceTree = "<group>";
			versionGroupType = wrapper.xcdatamodel;
		};
/* End XCVersionGroup section */
	};
	rootObject = C1B01A551EFCDE2E0047BF4B /* Project object */;
}
